
Microsoft Visual Studio Solution File, Format Version 12.00
# Visual Studio 15
VisualStudioVersion = 15.0.28307.421
MinimumVisualStudioVersion = 10.0.40219.1
Project("{FAE04EC0-301F-11D3-BF4B-00C04F79EFBC}") = "CrawlIT", "CrawlIT\CrawlIT.csproj", "{A8F470A9-0F42-4AE5-AAAC-E23B7D7F056B}"
EndProject
Global
	GlobalSection(SolutionConfigurationPlatforms) = preSolution
		Debug|Any CPU = Debug|Any CPU
		Release|Any CPU = Release|Any CPU
	EndGlobalSection
	GlobalSection(ProjectConfigurationPlatforms) = postSolution
		{A8F470A9-0F42-4AE5-AAAC-E23B7D7F056B}.Debug|Any CPU.ActiveCfg = Debug|Any CPU
		{A8F470A9-0F42-4AE5-AAAC-E23B7D7F056B}.Debug|Any CPU.Build.0 = Debug|Any CPU
		{A8F470A9-0F42-4AE5-AAAC-E23B7D7F056B}.Debug|Any CPU.Deploy.0 = Debug|Any CPU
		{A8F470A9-0F42-4AE5-AAAC-E23B7D7F056B}.Release|Any CPU.ActiveCfg = Release|Any CPU
		{A8F470A9-0F42-4AE5-AAAC-E23B7D7F056B}.Release|Any CPU.Build.0 = Release|Any CPU
		{A8F470A9-0F42-4AE5-AAAC-E23B7D7F056B}.Release|Any CPU.Deploy.0 = Release|Any CPU
	EndGlobalSection
	GlobalSection(SolutionProperties) = preSolution
		HideSolutionNode = FALSE
	EndGlobalSection
	GlobalSection(ExtensibilityGlobals) = postSolution
		SolutionGuid = {13958827-F334-425D-B65D-424B630A0DE9}
	EndGlobalSection
EndGlobal
